// !$*UTF8*$!
{
	archiveVersion = 1;
	classes = {
	};
	objectVersion = 55;
	objects = {

/* Begin PBXBuildFile section */
		BB6FD9A8285A811D00F85E66 /* AppDelegate.swift in Sources */ = {isa = PBXBuildFile; fileRef = BB6FD9A7285A811D00F85E66 /* AppDelegate.swift */; };
		BB6FD9AA285A811D00F85E66 /* SceneDelegate.swift in Sources */ = {isa = PBXBuildFile; fileRef = BB6FD9A9285A811D00F85E66 /* SceneDelegate.swift */; };
		BB6FD9AC285A811D00F85E66 /* ViewController.swift in Sources */ = {isa = PBXBuildFile; fileRef = BB6FD9AB285A811D00F85E66 /* ViewController.swift */; };
		BB6FD9AF285A811D00F85E66 /* Main.storyboard in Resources */ = {isa = PBXBuildFile; fileRef = BB6FD9AD285A811D00F85E66 /* Main.storyboard */; };
		BB6FD9B1285A811E00F85E66 /* Assets.xcassets in Resources */ = {isa = PBXBuildFile; fileRef = BB6FD9B0285A811E00F85E66 /* Assets.xcassets */; };
		BB6FD9B4285A811E00F85E66 /* LaunchScreen.storyboard in Resources */ = {isa = PBXBuildFile; fileRef = BB6FD9B2285A811E00F85E66 /* LaunchScreen.storyboard */; };
		BB6FD9BC285B874800F85E66 /* AlbomCollectionView.swift in Sources */ = {isa = PBXBuildFile; fileRef = BB6FD9BB285B874800F85E66 /* AlbomCollectionView.swift */; };
		BB6FD9BE285B8C0F00F85E66 /* AlbomCollectionViewCell.swift in Sources */ = {isa = PBXBuildFile; fileRef = BB6FD9BD285B8C0F00F85E66 /* AlbomCollectionViewCell.swift */; };
/* End PBXBuildFile section */

/* Begin PBXFileReference section */
		BB6FD9A4285A811D00F85E66 /* 14CollectionView.app */ = {isa = PBXFileReference; explicitFileType = wrapper.application; includeInIndex = 0; path = 14CollectionView.app; sourceTree = BUILT_PRODUCTS_DIR; };
		BB6FD9A7285A811D00F85E66 /* AppDelegate.swift */ = {isa = PBXFileReference; lastKnownFileType = sourcecode.swift; path = AppDelegate.swift; sourceTree = "<group>"; };
		BB6FD9A9285A811D00F85E66 /* SceneDelegate.swift */ = {isa = PBXFileReference; lastKnownFileType = sourcecode.swift; path = SceneDelegate.swift; sourceTree = "<group>"; };
		BB6FD9AB285A811D00F85E66 /* ViewController.swift */ = {isa = PBXFileReference; lastKnownFileType = sourcecode.swift; path = ViewController.swift; sourceTree = "<group>"; };
		BB6FD9AE285A811D00F85E66 /* Base */ = {isa = PBXFileReference; lastKnownFileType = file.storyboard; name = Base; path = Base.lproj/Main.storyboard; sourceTree = "<group>"; };
		BB6FD9B0285A811E00F85E66 /* Assets.xcassets */ = {isa = PBXFileReference; lastKnownFileType = folder.assetcatalog; path = Assets.xcassets; sourceTree = "<group>"; };
		BB6FD9B3285A811E00F85E66 /* Base */ = {isa = PBXFileReference; lastKnownFileType = file.storyboard; name = Base; path = Base.lproj/LaunchScreen.storyboard; sourceTree = "<group>"; };
		BB6FD9B5285A811E00F85E66 /* Info.plist */ = {isa = PBXFileReference; lastKnownFileType = text.plist.xml; path = Info.plist; sourceTree = "<group>"; };
		BB6FD9BB285B874800F85E66 /* AlbomCollectionView.swift */ = {isa = PBXFileReference; lastKnownFileType = sourcecode.swift; path = AlbomCollectionView.swift; sourceTree = "<group>"; };
		BB6FD9BD285B8C0F00F85E66 /* AlbomCollectionViewCell.swift */ = {isa = PBXFileReference; lastKnownFileType = sourcecode.swift; path = AlbomCollectionViewCell.swift; sourceTree = "<group>"; };
/* End PBXFileReference section */

/* Begin PBXFrameworksBuildPhase section */
		BB6FD9A1285A811D00F85E66 /* Frameworks */ = {
			isa = PBXFrameworksBuildPhase;
			buildActionMask = 2147483647;
			files = (
			);
			runOnlyForDeploymentPostprocessing = 0;
		};
/* End PBXFrameworksBuildPhase section */

/* Begin PBXGroup section */
		BB6FD99B285A811D00F85E66 = {
			isa = PBXGroup;
			children = (
				BB6FD9BB285B874800F85E66 /* AlbomCollectionView.swift */,
				BB6FD9BD285B8C0F00F85E66 /* AlbomCollectionViewCell.swift */,
				BB6FD9A6285A811D00F85E66 /* 14CollectionView */,
				BB6FD9A5285A811D00F85E66 /* Products */,
			);
			sourceTree = "<group>";
		};
		BB6FD9A5285A811D00F85E66 /* Products */ = {
			isa = PBXGroup;
			children = (
				BB6FD9A4285A811D00F85E66 /* 14CollectionView.app */,
			);
			name = Products;
			sourceTree = "<group>";
		};
		BB6FD9A6285A811D00F85E66 /* 14CollectionView */ = {
			isa = PBXGroup;
			children = (
				BB6FD9A7285A811D00F85E66 /* AppDelegate.swift */,
				BB6FD9A9285A811D00F85E66 /* SceneDelegate.swift */,
				BB6FD9AB285A811D00F85E66 /* ViewController.swift */,
				BB6FD9AD285A811D00F85E66 /* Main.storyboard */,
				BB6FD9B0285A811E00F85E66 /* Assets.xcassets */,
				BB6FD9B2285A811E00F85E66 /* LaunchScreen.storyboard */,
				BB6FD9B5285A811E00F85E66 /* Info.plist */,
			);
			path = 14CollectionView;
			sourceTree = "<group>";
		};
/* End PBXGroup section */

/* Begin PBXNativeTarget section */
		BB6FD9A3285A811D00F85E66 /* 14CollectionView */ = {
			isa = PBXNativeTarget;
			buildConfigurationList = BB6FD9B8285A811E00F85E66 /* Build configuration list for PBXNativeTarget "14CollectionView" */;
			buildPhases = (
				BB6FD9A0285A811D00F85E66 /* Sources */,
				BB6FD9A1285A811D00F85E66 /* Frameworks */,
				BB6FD9A2285A811D00F85E66 /* Resources */,
			);
			buildRules = (
			);
			dependencies = (
			);
			name = 14CollectionView;
			productName = 14CollectionView;
			productReference = BB6FD9A4285A811D00F85E66 /* 14CollectionView.app */;
			productType = "com.apple.product-type.application";
		};
/* End PBXNativeTarget section */

/* Begin PBXProject section */
		BB6FD99C285A811D00F85E66 /* Project object */ = {
			isa = PBXProject;
			attributes = {
				BuildIndependentTargetsInParallel = 1;
				LastSwiftUpdateCheck = 1340;
				LastUpgradeCheck = 1340;
				TargetAttributes = {
					BB6FD9A3285A811D00F85E66 = {
						CreatedOnToolsVersion = 13.4.1;
					};
				};
			};
			buildConfigurationList = BB6FD99F285A811D00F85E66 /* Build configuration list for PBXProject "14CollectionView" */;
			compatibilityVersion = "Xcode 13.0";
			developmentRegion = en;
			hasScannedForEncodings = 0;
			knownRegions = (
				en,
				Base,
			);
			mainGroup = BB6FD99B285A811D00F85E66;
			productRefGroup = BB6FD9A5285A811D00F85E66 /* Products */;
			projectDirPath = "";
			projectRoot = "";
			targets = (
				BB6FD9A3285A811D00F85E66 /* 14CollectionView */,
			);
		};
/* End PBXProject section */

/* Begin PBXResourcesBuildPhase section */
		BB6FD9A2285A811D00F85E66 /* Resources */ = {
			isa = PBXResourcesBuildPhase;
			buildActionMask = 2147483647;
			files = (
				BB6FD9B4285A811E00F85E66 /* LaunchScreen.storyboard in Resources */,
				BB6FD9B1285A811E00F85E66 /* Assets.xcassets in Resources */,
				BB6FD9AF285A811D00F85E66 /* Main.storyboard in Resources */,
			);
			runOnlyForDeploymentPostprocessing = 0;
		};
/* End PBXResourcesBuildPhase section */

/* Begin PBXSourcesBuildPhase section */
		BB6FD9A0285A811D00F85E66 /* Sources */ = {
			isa = PBXSourcesBuildPhase;
			buildActionMask = 2147483647;
			files = (
				BB6FD9AC285A811D00F85E66 /* ViewController.swift in Sources */,
				BB6FD9BE285B8C0F00F85E66 /* AlbomCollectionViewCell.swift in Sources */,
				BB6FD9A8285A811D00F85E66 /* AppDelegate.swift in Sources */,
				BB6FD9BC285B874800F85E66 /* AlbomCollectionView.swift in Sources */,
				BB6FD9AA285A811D00F85E66 /* SceneDelegate.swift in Sources */,
			);
			runOnlyForDeploymentPostprocessing = 0;
		};
/* End PBXSourcesBuildPhase section */

/* Begin PBXVariantGroup section */
		BB6FD9AD285A811D00F85E66 /* Main.storyboard */ = {
			isa = PBXVariantGroup;
			children = (
				BB6FD9AE285A811D00F85E66 /* Base */,
			);
			name = Main.storyboard;
			sourceTree = "<group>";
		};
		BB6FD9B2285A811E00F85E66 /* LaunchScreen.storyboard */ = {
			isa = PBXVariantGroup;
			children = (
				BB6FD9B3285A811E00F85E66 /* Base */,
			);
			name = LaunchScreen.storyboard;
			sourceTree = "<group>";
		};
/* End PBXVariantGroup section */

/* Begin XCBuildConfiguration section */
		BB6FD9B6285A811E00F85E66 /* Debug */ = {
			isa = XCBuildConfiguration;
			buildSettings = {
				ALWAYS_SEARCH_USER_PATHS = NO;
				CLANG_ANALYZER_NONNULL = YES;
				CLANG_ANALYZER_NUMBER_OBJECT_CONVERSION = YES_AGGRESSIVE;
				CLANG_CXX_LANGUAGE_STANDARD = "gnu++17";
				CLANG_ENABLE_MODULES = YES;
				CLANG_ENABLE_OBJC_ARC = YES;
				CLANG_ENABLE_OBJC_WEAK = YES;
				CLANG_WARN_BLOCK_CAPTURE_AUTORELEASING = YES;
				CLANG_WARN_BOOL_CONVERSION = YES;
				CLANG_WARN_COMMA = YES;
				CLANG_WARN_CONSTANT_CONVERSION = YES;
				CLANG_WARN_DEPRECATED_OBJC_IMPLEMENTATIONS = YES;
				CLANG_WARN_DIRECT_OBJC_ISA_USAGE = YES_ERROR;
				CLANG_WARN_DOCUMENTATION_COMMENTS = YES;
				CLANG_WARN_EMPTY_BODY = YES;
				CLANG_WARN_ENUM_CONVERSION = YES;
				CLANG_WARN_INFINITE_RECURSION = YES;
				CLANG_WARN_INT_CONVERSION = YES;
				CLANG_WARN_NON_LITERAL_NULL_CONVERSION = YES;
				CLANG_WARN_OBJC_IMPLICIT_RETAIN_SELF = YES;
				CLANG_WARN_OBJC_LITERAL_CONVERSION = YES;
				CLANG_WARN_OBJC_ROOT_CLASS = YES_ERROR;
				CLANG_WARN_QUOTED_INCLUDE_IN_FRAMEWORK_HEADER = YES;
				CLANG_WARN_RANGE_LOOP_ANALYSIS = YES;
				CLANG_WARN_STRICT_PROTOTYPES = YES;
				CLANG_WARN_SUSPICIOUS_MOVE = YES;
				CLANG_WARN_UNGUARDED_AVAILABILITY = YES_AGGRESSIVE;
				CLANG_WARN_UNREACHABLE_CODE = YES;
				CLANG_WARN__DUPLICATE_METHOD_MATCH = YES;
				COPY_PHASE_STRIP = NO;
				DEBUG_INFORMATION_FORMAT = dwarf;
				ENABLE_STRICT_OBJC_MSGSEND = YES;
				ENABLE_TESTABILITY = YES;
				GCC_C_LANGUAGE_STANDARD = gnu11;
				GCC_DYNAMIC_NO_PIC = NO;
				GCC_NO_COMMON_BLOCKS = YES;
				GCC_OPTIMIZATION_LEVEL = 0;
				GCC_PREPROCESSOR_DEFINITIONS = (
					"DEBUG=1",
					"$(inherited)",
				);
				GCC_WARN_64_TO_32_BIT_CONVERSION = YES;
				GCC_WARN_ABOUT_RETURN_TYPE = YES_ERROR;
				GCC_WARN_UNDECLARED_SELECTOR = YES;
				GCC_WARN_UNINITIALIZED_AUTOS = YES_AGGRESSIVE;
				GCC_WARN_UNUSED_FUNCTION = YES;
				GCC_WARN_UNUSED_VARIABLE = YES;
				IPHONEOS_DEPLOYMENT_TARGET = 15.5;
				MTL_ENABLE_DEBUG_INFO = INCLUDE_SOURCE;
				MTL_FAST_MATH = YES;
				ONLY_ACTIVE_ARCH = YES;
				SDKROOT = iphoneos;
				SWIFT_ACTIVE_COMPILATION_CONDITIONS = DEBUG;
				SWIFT_OPTIMIZATION_LEVEL = "-Onone";
			};
			name = Debug;
		};
		BB6FD9B7285A811E00F85E66 /* Release */ = {
			isa = XCBuildConfiguration;
			buildSettings = {
				ALWAYS_SEARCH_USER_PATHS = NO;
				CLANG_ANALYZER_NONNULL = YES;
				CLANG_ANALYZER_NUMBER_OBJECT_CONVERSION = YES_AGGRESSIVE;
				CLANG_CXX_LANGUAGE_STANDARD = "gnu++17";
				CLANG_ENABLE_MODULES = YES;
				CLANG_ENABLE_OBJC_ARC = YES;
				CLANG_ENABLE_OBJC_WEAK = YES;
				CLANG_WARN_BLOCK_CAPTURE_AUTORELEASING = YES;
				CLANG_WARN_BOOL_CONVERSION = YES;
				CLANG_WARN_COMMA = YES;
				CLANG_WARN_CONSTANT_CONVERSION = YES;
				CLANG_WARN_DEPRECATED_OBJC_IMPLEMENTATIONS = YES;
				CLANG_WARN_DIRECT_OBJC_ISA_USAGE = YES_ERROR;
				CLANG_WARN_DOCUMENTATION_COMMENTS = YES;
				CLANG_WARN_EMPTY_BODY = YES;
				CLANG_WARN_ENUM_CONVERSION = YES;
				CLANG_WARN_INFINITE_RECURSION = YES;
				CLANG_WARN_INT_CONVERSION = YES;
				CLANG_WARN_NON_LITERAL_NULL_CONVERSION = YES;
				CLANG_WARN_OBJC_IMPLICIT_RETAIN_SELF = YES;
				CLANG_WARN_OBJC_LITERAL_CONVERSION = YES;
				CLANG_WARN_OBJC_ROOT_CLASS = YES_ERROR;
				CLANG_WARN_QUOTED_INCLUDE_IN_FRAMEWORK_HEADER = YES;
				CLANG_WARN_RANGE_LOOP_ANALYSIS = YES;
				CLANG_WARN_STRICT_PROTOTYPES = YES;
				CLANG_WARN_SUSPICIOUS_MOVE = YES;
				CLANG_WARN_UNGUARDED_AVAILABILITY = YES_AGGRESSIVE;
				CLANG_WARN_UNREACHABLE_CODE = YES;
				CLANG_WARN__DUPLICATE_METHOD_MATCH = YES;
				COPY_PHASE_STRIP = NO;
				DEBUG_INFORMATION_FORMAT = "dwarf-with-dsym";
				ENABLE_NS_ASSERTIONS = NO;
				ENABLE_STRICT_OBJC_MSGSEND = YES;
				GCC_C_LANGUAGE_STANDARD = gnu11;
				GCC_NO_COMMON_BLOCKS = YES;
				GCC_WARN_64_TO_32_BIT_CONVERSION = YES;
				GCC_WARN_ABOUT_RETURN_TYPE = YES_ERROR;
				GCC_WARN_UNDECLARED_SELECTOR = YES;
				GCC_WARN_UNINITIALIZED_AUTOS = YES_AGGRESSIVE;
				GCC_WARN_UNUSED_FUNCTION = YES;
				GCC_WARN_UNUSED_VARIABLE = YES;
				IPHONEOS_DEPLOYMENT_TARGET = 15.5;
				MTL_ENABLE_DEBUG_INFO = NO;
				MTL_FAST_MATH = YES;
				SDKROOT = iphoneos;
				SWIFT_COMPILATION_MODE = wholemodule;
				SWIFT_OPTIMIZATION_LEVEL = "-O";
				VALIDATE_PRODUCT = YES;
			};
			name = Release;
		};
		BB6FD9B9285A811E00F85E66 /* Debug */ = {
			isa = XCBuildConfiguration;
			buildSettings = {
				ASSETCATALOG_COMPILER_APPICON_NAME = AppIcon;
				ASSETCATALOG_COMPILER_GLOBAL_ACCENT_COLOR_NAME = AccentColor;
				CODE_SIGN_STYLE = Automatic;
				CURRENT_PROJECT_VERSION = 1;
				DEVELOPMENT_TEAM = PKW23ALJN5;
				GENERATE_INFOPLIST_FILE = YES;
				INFOPLIST_FILE = 14CollectionView/Info.plist;
				INFOPLIST_KEY_UIApplicationSupportsIndirectInputEvents = YES;
				INFOPLIST_KEY_UILaunchStoryboardName = LaunchScreen;
				INFOPLIST_KEY_UIMainStoryboardFile = Main;
				INFOPLIST_KEY_UISupportedInterfaceOrientations_iPad = "UIInterfaceOrientationPortrait UIInterfaceOrientationPortraitUpsideDown UIInterfaceOrientationLandscapeLeft UIInterfaceOrientationLandscapeRight";
				INFOPLIST_KEY_UISupportedInterfaceOrientations_iPhone = "UIInterfaceOrientationPortrait UIInterfaceOrientationLandscapeLeft UIInterfaceOrientationLandscapeRight";
				LD_RUNPATH_SEARCH_PATHS = (
					"$(inherited)",
					"@executable_path/Frameworks",
				);
				MARKETING_VERSION = 1.0;
				PRODUCT_BUNDLE_IDENTIFIER = "SZ.-4CollectionView";
				PRODUCT_NAME = "$(TARGET_NAME)";
				SWIFT_EMIT_LOC_STRINGS = YES;
				SWIFT_VERSION = 5.0;
				TARGETED_DEVICE_FAMILY = "1,2";
			};
			name = Debug;
		};
		BB6FD9BA285A811E00F85E66 /* Release */ = {
			isa = XCBuildConfiguration;
			buildSettings = {
				ASSETCATALOG_COMPILER_APPICON_NAME = AppIcon;
				ASSETCATALOG_COMPILER_GLOBAL_ACCENT_COLOR_NAME = AccentColor;
				CODE_SIGN_STYLE = Automatic;
				CURRENT_PROJECT_VERSION = 1;
				DEVELOPMENT_TEAM = PKW23ALJN5;
				GENERATE_INFOPLIST_FILE = YES;
				INFOPLIST_FILE = 14CollectionView/Info.plist;
				INFOPLIST_KEY_UIApplicationSupportsIndirectInputEvents = YES;
				INFOPLIST_KEY_UILaunchStoryboardName = LaunchScreen;
				INFOPLIST_KEY_UIMainStoryboardFile = Main;
				INFOPLIST_KEY_UISupportedInterfaceOrientations_iPad = "UIInterfaceOrientationPortrait UIInterfaceOrientationPortraitUpsideDown UIInterfaceOrientationLandscapeLeft UIInterfaceOrientationLandscapeRight";
				INFOPLIST_KEY_UISupportedInterfaceOrientations_iPhone = "UIInterfaceOrientationPortrait UIInterfaceOrientationLandscapeLeft UIInterfaceOrientationLandscapeRight";
				LD_RUNPATH_SEARCH_PATHS = (
					"$(inherited)",
					"@executable_path/Frameworks",
				);
				MARKETING_VERSION = 1.0;
				PRODUCT_BUNDLE_IDENTIFIER = "SZ.-4CollectionView";
				PRODUCT_NAME = "$(TARGET_NAME)";
				SWIFT_EMIT_LOC_STRINGS = YES;
				SWIFT_VERSION = 5.0;
				TARGETED_DEVICE_FAMILY = "1,2";
			};
			name = Release;
		};
/* End XCBuildConfiguration section */

/* Begin XCConfigurationList section */
		BB6FD99F285A811D00F85E66 /* Build configuration list for PBXProject "14CollectionView" */ = {
			isa = XCConfigurationList;
			buildConfigurations = (
				BB6FD9B6285A811E00F85E66 /* Debug */,
				BB6FD9B7285A811E00F85E66 /* Release */,
			);
			defaultConfigurationIsVisible = 0;
			defaultConfigurationName = Release;
		};
		BB6FD9B8285A811E00F85E66 /* Build configuration list for PBXNativeTarget "14CollectionView" */ = {
			isa = XCConfigurationList;
			buildConfigurations = (
				BB6FD9B9285A811E00F85E66 /* Debug */,
				BB6FD9BA285A811E00F85E66 /* Release */,
			);
			defaultConfigurationIsVisible = 0;
			defaultConfigurationName = Release;
		};
/* End XCConfigurationList section */
	};
	rootObject = BB6FD99C285A811D00F85E66 /* Project object */;
}
